// !$*UTF8*$!
{
	archiveVersion = 1;
	classes = {
	};
	objectVersion = 50;
	objects = {

/* Begin PBXBuildFile section */
		7A84F2E22368A5E60021B539 /* AppDelegate.swift in Sources */ = {isa = PBXBuildFile; fileRef = 7A84F2E12368A5E60021B539 /* AppDelegate.swift */; };
		7A84F2E42368A5E60021B539 /* SceneDelegate.swift in Sources */ = {isa = PBXBuildFile; fileRef = 7A84F2E32368A5E60021B539 /* SceneDelegate.swift */; };
		7A84F2E62368A5E60021B539 /* ContentView.swift in Sources */ = {isa = PBXBuildFile; fileRef = 7A84F2E52368A5E60021B539 /* ContentView.swift */; };
		7A84F2E82368A5E80021B539 /* Assets.xcassets in Resources */ = {isa = PBXBuildFile; fileRef = 7A84F2E72368A5E80021B539 /* Assets.xcassets */; };
		7A84F2EB2368A5E80021B539 /* Preview Assets.xcassets in Resources */ = {isa = PBXBuildFile; fileRef = 7A84F2EA2368A5E80021B539 /* Preview Assets.xcassets */; };
		7A84F2EE2368A5E80021B539 /* LaunchScreen.storyboard in Resources */ = {isa = PBXBuildFile; fileRef = 7A84F2EC2368A5E80021B539 /* LaunchScreen.storyboard */; };
		7A84F2F72368A6190021B539 /* TasksSwiftUICoreData.xcdatamodeld in Sources */ = {isa = PBXBuildFile; fileRef = 7A84F2F52368A6180021B539 /* TasksSwiftUICoreData.xcdatamodeld */; };
		7A84F2F92368A6840021B539 /* Task+Convenience.swift in Sources */ = {isa = PBXBuildFile; fileRef = 7A84F2F82368A6840021B539 /* Task+Convenience.swift */; };
		7A84F2FB2368A6BD0021B539 /* CoreDataStack.swift in Sources */ = {isa = PBXBuildFile; fileRef = 7A84F2FA2368A6BD0021B539 /* CoreDataStack.swift */; };
		7A84F2FD2368A7470021B539 /* TaskController.swift in Sources */ = {isa = PBXBuildFile; fileRef = 7A84F2FC2368A7470021B539 /* TaskController.swift */; };
		7A84F2FF2368B2BA0021B539 /* RowItem.swift in Sources */ = {isa = PBXBuildFile; fileRef = 7A84F2FE2368B2BA0021B539 /* RowItem.swift */; };
/* End PBXBuildFile section */

/* Begin PBXFileReference section */
		7A84F2DE2368A5E60021B539 /* TasksSwiftUICoreData.app */ = {isa = PBXFileReference; explicitFileType = wrapper.application; includeInIndex = 0; path = TasksSwiftUICoreData.app; sourceTree = BUILT_PRODUCTS_DIR; };
		7A84F2E12368A5E60021B539 /* AppDelegate.swift */ = {isa = PBXFileReference; lastKnownFileType = sourcecode.swift; path = AppDelegate.swift; sourceTree = "<group>"; };
		7A84F2E32368A5E60021B539 /* SceneDelegate.swift */ = {isa = PBXFileReference; lastKnownFileType = sourcecode.swift; path = SceneDelegate.swift; sourceTree = "<group>"; };
		7A84F2E52368A5E60021B539 /* ContentView.swift */ = {isa = PBXFileReference; lastKnownFileType = sourcecode.swift; path = ContentView.swift; sourceTree = "<group>"; };
		7A84F2E72368A5E80021B539 /* Assets.xcassets */ = {isa = PBXFileReference; lastKnownFileType = folder.assetcatalog; path = Assets.xcassets; sourceTree = "<group>"; };
		7A84F2EA2368A5E80021B539 /* Preview Assets.xcassets */ = {isa = PBXFileReference; lastKnownFileType = folder.assetcatalog; path = "Preview Assets.xcassets"; sourceTree = "<group>"; };
		7A84F2ED2368A5E80021B539 /* Base */ = {isa = PBXFileReference; lastKnownFileType = file.storyboard; name = Base; path = Base.lproj/LaunchScreen.storyboard; sourceTree = "<group>"; };
		7A84F2EF2368A5E80021B539 /* Info.plist */ = {isa = PBXFileReference; lastKnownFileType = text.plist.xml; path = Info.plist; sourceTree = "<group>"; };
		7A84F2F62368A6180021B539 /* TasksSwiftUICoreData.xcdatamodel */ = {isa = PBXFileReference; lastKnownFileType = wrapper.xcdatamodel; path = TasksSwiftUICoreData.xcdatamodel; sourceTree = "<group>"; };
		7A84F2F82368A6840021B539 /* Task+Convenience.swift */ = {isa = PBXFileReference; lastKnownFileType = sourcecode.swift; path = "Task+Convenience.swift"; sourceTree = "<group>"; };
		7A84F2FA2368A6BD0021B539 /* CoreDataStack.swift */ = {isa = PBXFileReference; lastKnownFileType = sourcecode.swift; path = CoreDataStack.swift; sourceTree = "<group>"; };
		7A84F2FC2368A7470021B539 /* TaskController.swift */ = {isa = PBXFileReference; lastKnownFileType = sourcecode.swift; path = TaskController.swift; sourceTree = "<group>"; };
		7A84F2FE2368B2BA0021B539 /* RowItem.swift */ = {isa = PBXFileReference; lastKnownFileType = sourcecode.swift; path = RowItem.swift; sourceTree = "<group>"; };
/* End PBXFileReference section */

/* Begin PBXFrameworksBuildPhase section */
		7A84F2DB2368A5E60021B539 /* Frameworks */ = {
			isa = PBXFrameworksBuildPhase;
			buildActionMask = 2147483647;
			files = (
			);
			runOnlyForDeploymentPostprocessing = 0;
		};
/* End PBXFrameworksBuildPhase section */

/* Begin PBXGroup section */
		7A84F2D52368A5E60021B539 = {
			isa = PBXGroup;
			children = (
				7A84F2E02368A5E60021B539 /* TasksSwiftUICoreData */,
				7A84F2DF2368A5E60021B539 /* Products */,
			);
			sourceTree = "<group>";
		};
		7A84F2DF2368A5E60021B539 /* Products */ = {
			isa = PBXGroup;
			children = (
				7A84F2DE2368A5E60021B539 /* TasksSwiftUICoreData.app */,
			);
			name = Products;
			sourceTree = "<group>";
		};
		7A84F2E02368A5E60021B539 /* TasksSwiftUICoreData */ = {
			isa = PBXGroup;
			children = (
				7A84F2E12368A5E60021B539 /* AppDelegate.swift */,
				7A84F2E32368A5E60021B539 /* SceneDelegate.swift */,
				7A84F2E52368A5E60021B539 /* ContentView.swift */,
				7A84F2FE2368B2BA0021B539 /* RowItem.swift */,
				7A84F2F82368A6840021B539 /* Task+Convenience.swift */,
				7A84F2FA2368A6BD0021B539 /* CoreDataStack.swift */,
				7A84F2FC2368A7470021B539 /* TaskController.swift */,
				7A84F2F52368A6180021B539 /* TasksSwiftUICoreData.xcdatamodeld */,
				7A84F2E72368A5E80021B539 /* Assets.xcassets */,
				7A84F2EC2368A5E80021B539 /* LaunchScreen.storyboard */,
				7A84F2EF2368A5E80021B539 /* Info.plist */,
				7A84F2E92368A5E80021B539 /* Preview Content */,
			);
			path = TasksSwiftUICoreData;
			sourceTree = "<group>";
		};
		7A84F2E92368A5E80021B539 /* Preview Content */ = {
			isa = PBXGroup;
			children = (
				7A84F2EA2368A5E80021B539 /* Preview Assets.xcassets */,
			);
			path = "Preview Content";
			sourceTree = "<group>";
		};
/* End PBXGroup section */

/* Begin PBXNativeTarget section */
		7A84F2DD2368A5E60021B539 /* TasksSwiftUICoreData */ = {
			isa = PBXNativeTarget;
			buildConfigurationList = 7A84F2F22368A5E80021B539 /* Build configuration list for PBXNativeTarget "TasksSwiftUICoreData" */;
			buildPhases = (
				7A84F2DA2368A5E60021B539 /* Sources */,
				7A84F2DB2368A5E60021B539 /* Frameworks */,
				7A84F2DC2368A5E60021B539 /* Resources */,
			);
			buildRules = (
			);
			dependencies = (
			);
			name = TasksSwiftUICoreData;
			productName = TasksSwiftUICoreData;
			productReference = 7A84F2DE2368A5E60021B539 /* TasksSwiftUICoreData.app */;
			productType = "com.apple.product-type.application";
		};
/* End PBXNativeTarget section */

/* Begin PBXProject section */
		7A84F2D62368A5E60021B539 /* Project object */ = {
			isa = PBXProject;
			attributes = {
				LastSwiftUpdateCheck = 1110;
				LastUpgradeCheck = 1110;
				ORGANIZATIONNAME = "Nelson Gonzalez";
				TargetAttributes = {
					7A84F2DD2368A5E60021B539 = {
						CreatedOnToolsVersion = 11.1;
					};
				};
			};
			buildConfigurationList = 7A84F2D92368A5E60021B539 /* Build configuration list for PBXProject "TasksSwiftUICoreData" */;
			compatibilityVersion = "Xcode 9.3";
			developmentRegion = en;
			hasScannedForEncodings = 0;
			knownRegions = (
				en,
				Base,
			);
			mainGroup = 7A84F2D52368A5E60021B539;
			productRefGroup = 7A84F2DF2368A5E60021B539 /* Products */;
			projectDirPath = "";
			projectRoot = "";
			targets = (
				7A84F2DD2368A5E60021B539 /* TasksSwiftUICoreData */,
			);
		};
/* End PBXProject section */

/* Begin PBXResourcesBuildPhase section */
		7A84F2DC2368A5E60021B539 /* Resources */ = {
			isa = PBXResourcesBuildPhase;
			buildActionMask = 2147483647;
			files = (
				7A84F2EE2368A5E80021B539 /* LaunchScreen.storyboard in Resources */,
				7A84F2EB2368A5E80021B539 /* Preview Assets.xcassets in Resources */,
				7A84F2E82368A5E80021B539 /* Assets.xcassets in Resources */,
			);
			runOnlyForDeploymentPostprocessing = 0;
		};
/* End PBXResourcesBuildPhase section */

/* Begin PBXSourcesBuildPhase section */
		7A84F2DA2368A5E60021B539 /* Sources */ = {
			isa = PBXSourcesBuildPhase;
			buildActionMask = 2147483647;
			files = (
				7A84F2FD2368A7470021B539 /* TaskController.swift in Sources */,
				7A84F2E22368A5E60021B539 /* AppDelegate.swift in Sources */,
				7A84F2E42368A5E60021B539 /* SceneDelegate.swift in Sources */,
				7A84F2E62368A5E60021B539 /* ContentView.swift in Sources */,
				7A84F2FB2368A6BD0021B539 /* CoreDataStack.swift in Sources */,
				7A84F2F72368A6190021B539 /* TasksSwiftUICoreData.xcdatamodeld in Sources */,
				7A84F2F92368A6840021B539 /* Task+Convenience.swift in Sources */,
				7A84F2FF2368B2BA0021B539 /* RowItem.swift in Sources */,
			);
			runOnlyForDeploymentPostprocessing = 0;
		};
/* End PBXSourcesBuildPhase section */

/* Begin PBXVariantGroup section */
		7A84F2EC2368A5E80021B539 /* LaunchScreen.storyboard */ = {
			isa = PBXVariantGroup;
			children = (
				7A84F2ED2368A5E80021B539 /* Base */,
			);
			name = LaunchScreen.storyboard;
			sourceTree = "<group>";
		};
/* End PBXVariantGroup section */

/* Begin XCBuildConfiguration section */
		7A84F2F02368A5E80021B539 /* Debug */ = {
			isa = XCBuildConfiguration;
			buildSettings = {
				ALWAYS_SEARCH_USER_PATHS = NO;
				CLANG_ANALYZER_NONNULL = YES;
				CLANG_ANALYZER_NUMBER_OBJECT_CONVERSION = YES_AGGRESSIVE;
				CLANG_CXX_LANGUAGE_STANDARD = "gnu++14";
				CLANG_CXX_LIBRARY = "libc++";
				CLANG_ENABLE_MODULES = YES;
				CLANG_ENABLE_OBJC_ARC = YES;
				CLANG_ENABLE_OBJC_WEAK = YES;
				CLANG_WARN_BLOCK_CAPTURE_AUTORELEASING = YES;
				CLANG_WARN_BOOL_CONVERSION = YES;
				CLANG_WARN_COMMA = YES;
				CLANG_WARN_CONSTANT_CONVERSION = YES;
				CLANG_WARN_DEPRECATED_OBJC_IMPLEMENTATIONS = YES;
				CLANG_WARN_DIRECT_OBJC_ISA_USAGE = YES_ERROR;
				CLANG_WARN_DOCUMENTATION_COMMENTS = YES;
				CLANG_WARN_EMPTY_BODY = YES;
				CLANG_WARN_ENUM_CONVERSION = YES;
				CLANG_WARN_INFINITE_RECURSION = YES;
				CLANG_WARN_INT_CONVERSION = YES;
				CLANG_WARN_NON_LITERAL_NULL_CONVERSION = YES;
				CLANG_WARN_OBJC_IMPLICIT_RETAIN_SELF = YES;
				CLANG_WARN_OBJC_LITERAL_CONVERSION = YES;
				CLANG_WARN_OBJC_ROOT_CLASS = YES_ERROR;
				CLANG_WARN_RANGE_LOOP_ANALYSIS = YES;
				CLANG_WARN_STRICT_PROTOTYPES = YES;
				CLANG_WARN_SUSPICIOUS_MOVE = YES;
				CLANG_WARN_UNGUARDED_AVAILABILITY = YES_AGGRESSIVE;
				CLANG_WARN_UNREACHABLE_CODE = YES;
				CLANG_WARN__DUPLICATE_METHOD_MATCH = YES;
				COPY_PHASE_STRIP = NO;
				DEBUG_INFORMATION_FORMAT = dwarf;
				ENABLE_STRICT_OBJC_MSGSEND = YES;
				ENABLE_TESTABILITY = YES;
				GCC_C_LANGUAGE_STANDARD = gnu11;
				GCC_DYNAMIC_NO_PIC = NO;
				GCC_NO_COMMON_BLOCKS = YES;
				GCC_OPTIMIZATION_LEVEL = 0;
				GCC_PREPROCESSOR_DEFINITIONS = (
					"DEBUG=1",
					"$(inherited)",
				);
				GCC_WARN_64_TO_32_BIT_CONVERSION = YES;
				GCC_WARN_ABOUT_RETURN_TYPE = YES_ERROR;
				GCC_WARN_UNDECLARED_SELECTOR = YES;
				GCC_WARN_UNINITIALIZED_AUTOS = YES_AGGRESSIVE;
				GCC_WARN_UNUSED_FUNCTION = YES;
				GCC_WARN_UNUSED_VARIABLE = YES;
				IPHONEOS_DEPLOYMENT_TARGET = 13.1;
				MTL_ENABLE_DEBUG_INFO = INCLUDE_SOURCE;
				MTL_FAST_MATH = YES;
				ONLY_ACTIVE_ARCH = YES;
				SDKROOT = iphoneos;
				SWIFT_ACTIVE_COMPILATION_CONDITIONS = DEBUG;
				SWIFT_OPTIMIZATION_LEVEL = "-Onone";
			};
			name = Debug;
		};
		7A84F2F12368A5E80021B539 /* Release */ = {
			isa = XCBuildConfiguration;
			buildSettings = {
				ALWAYS_SEARCH_USER_PATHS = NO;
				CLANG_ANALYZER_NONNULL = YES;
				CLANG_ANALYZER_NUMBER_OBJECT_CONVERSION = YES_AGGRESSIVE;
				CLANG_CXX_LANGUAGE_STANDARD = "gnu++14";
				CLANG_CXX_LIBRARY = "libc++";
				CLANG_ENABLE_MODULES = YES;
				CLANG_ENABLE_OBJC_ARC = YES;
				CLANG_ENABLE_OBJC_WEAK = YES;
				CLANG_WARN_BLOCK_CAPTURE_AUTORELEASING = YES;
				CLANG_WARN_BOOL_CONVERSION = YES;
				CLANG_WARN_COMMA = YES;
				CLANG_WARN_CONSTANT_CONVERSION = YES;
				CLANG_WARN_DEPRECATED_OBJC_IMPLEMENTATIONS = YES;
				CLANG_WARN_DIRECT_OBJC_ISA_USAGE = YES_ERROR;
				CLANG_WARN_DOCUMENTATION_COMMENTS = YES;
				CLANG_WARN_EMPTY_BODY = YES;
				CLANG_WARN_ENUM_CONVERSION = YES;
				CLANG_WARN_INFINITE_RECURSION = YES;
				CLANG_WARN_INT_CONVERSION = YES;
				CLANG_WARN_NON_LITERAL_NULL_CONVERSION = YES;
				CLANG_WARN_OBJC_IMPLICIT_RETAIN_SELF = YES;
				CLANG_WARN_OBJC_LITERAL_CONVERSION = YES;
				CLANG_WARN_OBJC_ROOT_CLASS = YES_ERROR;
				CLANG_WARN_RANGE_LOOP_ANALYSIS = YES;
				CLANG_WARN_STRICT_PROTOTYPES = YES;
				CLANG_WARN_SUSPICIOUS_MOVE = YES;
				CLANG_WARN_UNGUARDED_AVAILABILITY = YES_AGGRESSIVE;
				CLANG_WARN_UNREACHABLE_CODE = YES;
				CLANG_WARN__DUPLICATE_METHOD_MATCH = YES;
				COPY_PHASE_STRIP = NO;
				DEBUG_INFORMATION_FORMAT = "dwarf-with-dsym";
				ENABLE_NS_ASSERTIONS = NO;
				ENABLE_STRICT_OBJC_MSGSEND = YES;
				GCC_C_LANGUAGE_STANDARD = gnu11;
				GCC_NO_COMMON_BLOCKS = YES;
				GCC_WARN_64_TO_32_BIT_CONVERSION = YES;
				GCC_WARN_ABOUT_RETURN_TYPE = YES_ERROR;
				GCC_WARN_UNDECLARED_SELECTOR = YES;
				GCC_WARN_UNINITIALIZED_AUTOS = YES_AGGRESSIVE;
				GCC_WARN_UNUSED_FUNCTION = YES;
				GCC_WARN_UNUSED_VARIABLE = YES;
				IPHONEOS_DEPLOYMENT_TARGET = 13.1;
				MTL_ENABLE_DEBUG_INFO = NO;
				MTL_FAST_MATH = YES;
				SDKROOT = iphoneos;
				SWIFT_COMPILATION_MODE = wholemodule;
				SWIFT_OPTIMIZATION_LEVEL = "-O";
				VALIDATE_PRODUCT = YES;
			};
			name = Release;
		};
		7A84F2F32368A5E80021B539 /* Debug */ = {
			isa = XCBuildConfiguration;
			buildSettings = {
				ASSETCATALOG_COMPILER_APPICON_NAME = AppIcon;
				CODE_SIGN_STYLE = Automatic;
				DEVELOPMENT_ASSET_PATHS = "\"TasksSwiftUICoreData/Preview Content\"";
				DEVELOPMENT_TEAM = ZD9LN99SX6;
				ENABLE_PREVIEWS = YES;
				INFOPLIST_FILE = TasksSwiftUICoreData/Info.plist;
				LD_RUNPATH_SEARCH_PATHS = (
					"$(inherited)",
					"@executable_path/Frameworks",
				);
				PRODUCT_BUNDLE_IDENTIFIER = com.nelsongonzalez.TasksSwiftUICoreData;
				PRODUCT_NAME = "$(TARGET_NAME)";
				SWIFT_VERSION = 5.0;
				TARGETED_DEVICE_FAMILY = "1,2";
			};
			name = Debug;
		};
		7A84F2F42368A5E80021B539 /* Release */ = {
			isa = XCBuildConfiguration;
			buildSettings = {
				ASSETCATALOG_COMPILER_APPICON_NAME = AppIcon;
				CODE_SIGN_STYLE = Automatic;
				DEVELOPMENT_ASSET_PATHS = "\"TasksSwiftUICoreData/Preview Content\"";
				DEVELOPMENT_TEAM = ZD9LN99SX6;
				ENABLE_PREVIEWS = YES;
				INFOPLIST_FILE = TasksSwiftUICoreData/Info.plist;
				LD_RUNPATH_SEARCH_PATHS = (
					"$(inherited)",
					"@executable_path/Frameworks",
				);
				PRODUCT_BUNDLE_IDENTIFIER = com.nelsongonzalez.TasksSwiftUICoreData;
				PRODUCT_NAME = "$(TARGET_NAME)";
				SWIFT_VERSION = 5.0;
				TARGETED_DEVICE_FAMILY = "1,2";
			};
			name = Release;
		};
/* End XCBuildConfiguration section */

/* Begin XCConfigurationList section */
		7A84F2D92368A5E60021B539 /* Build configuration list for PBXProject "TasksSwiftUICoreData" */ = {
			isa = XCConfigurationList;
			buildConfigurations = (
				7A84F2F02368A5E80021B539 /* Debug */,
				7A84F2F12368A5E80021B539 /* Release */,
			);
			defaultConfigurationIsVisible = 0;
			defaultConfigurationName = Release;
		};
		7A84F2F22368A5E80021B539 /* Build configuration list for PBXNativeTarget "TasksSwiftUICoreData" */ = {
			isa = XCConfigurationList;
			buildConfigurations = (
				7A84F2F32368A5E80021B539 /* Debug */,
				7A84F2F42368A5E80021B539 /* Release */,
			);
			defaultConfigurationIsVisible = 0;
			defaultConfigurationName = Release;
		};
/* End XCConfigurationList section */

/* Begin XCVersionGroup section */
		7A84F2F52368A6180021B539 /* TasksSwiftUICoreData.xcdatamodeld */ = {
			isa = XCVersionGroup;
			children = (
				7A84F2F62368A6180021B539 /* TasksSwiftUICoreData.xcdatamodel */,
			);
			currentVersion = 7A84F2F62368A6180021B539 /* TasksSwiftUICoreData.xcdatamodel */;
			path = TasksSwiftUICoreData.xcdatamodeld;
			sourceTree = "<group>";
			versionGroupType = wrapper.xcdatamodel;
		};
/* End XCVersionGroup section */
	};
	rootObject = 7A84F2D62368A5E60021B539 /* Project object */;
}
